Microsoft Visual Studio Solution File, Format Version 12.00
# Visual Studio Version 17
VisualStudioVersion = 17.13.35931.197
MinimumVisualStudioVersion = 10.0.40219.1
Project("{FAE04EC0-301F-11D3-BF4B-00C04F79EFBC}") = "jramirez_T2", "jramirez_T2\jramirez_T2.csproj", "{0106F0A8-20CA-4467-B2D3-1DC2AE331F08}"
EndProject
Global
	GlobalSection(SolutionConfigurationPlatforms) = preSolution
		Debug|Any CPU = Debug|Any CPU
		Release|Any CPU = Release|Any CPU
	EndGlobalSection
	GlobalSection(ProjectConfigurationPlatforms) = postSolution
		{0106F0A8-20CA-4467-B2D3-1DC2AE331F08}.Debug|Any CPU.ActiveCfg = Debug|Any CPU
		{0106F0A8-20CA-4467-B2D3-1DC2AE331F08}.Debug|Any CPU.Build.0 = Debug|Any CPU
		{0106F0A8-20CA-4467-B2D3-1DC2AE331F08}.Release|Any CPU.ActiveCfg = Release|Any CPU
		{0106F0A8-20CA-4467-B2D3-1DC2AE331F08}.Release|Any CPU.Build.0 = Release|Any CPU
	EndGlobalSection
	GlobalSection(SolutionProperties) = preSolution
		HideSolutionNode = FALSE
	EndGlobalSection
	GlobalSection(ExtensibilityGlobals) = postSolution
		SolutionGuid = {4DFFF356-9CDC-4B1E-A28C-8109C87CA243}
	EndGlobalSection
EndGlobal
